{
  "name": "fapcoin-api",
  "version": "1.0.0",
  "lockfileVersion": 3,
  "requires": true,
  "packages": {
    "": {
      "name": "fapcoin-api",
      "version": "1.0.0",
      "dependencies": {
        "@solana/web3.js": "^1.88.0",
        "buffer-layout": "^5.0.0"
      }
    },
    "node_modules/@solana/buffer-layout": {
      "version": "4.0.1",
      "resolved": "https://registry.npmjs.org/@solana/buffer-layout/-/buffer-layout-4.0.1.tgz",
      "integrity": "sha512-zG8xAcIYMJ6CWXNjwO1RthQJzF0frtQFuCva4xlE1NrnxLxU6x21iBcwqvL4p4jo4+2LCzsoxGEpypI6HsHdEA=="
    },
    "node_modules/@solana/web3.js": {
      "version": "1.88.0",
      "resolved": "https://registry.npmjs.org/@solana/web3.js/-/web3.js-1.88.0.tgz",
      "integrity": "sha512-xU56EDG2YgpyhoGibaBq1Tgb2oi7r6r+tZIXe5ab5+rLOTWTOuI7dZwQH7l3nlWq3tw36CaPxVmLj8poZ3Ymqg==",
      "dependencies": {
        "@solana/buffer-layout": "^4.0.1",
        "bigint-buffer": "^1.1.5",
        "bn.js": "^5.2.1",
        "borsh": "^0.7.0",
        "bs58": "^4.0.1",
        "buffer": "^6.0.3",
        "js-sha3": "^0.8.0",
        "node-fetch": "^2.6.7",
        "rpc-websockets": "^7.5.0",
        "superstruct": "^1.0.3"
      }
    },
    "node_modules/buffer-layout": {
