{
  "name": "fapcoin-api",
  "lockfileVersion": 3,
  "requires": true,
  "packages": {},
  "dependencies": {
    "@solana/web3.js": {
      "version": "1.88.0",
      "resolved": "https://registry.npmjs.org/@solana/web3.js/-/web3.js-1.88.0.tgz",
      "integrity": "sha512-..."
    },
    "buffer-layout": {
      "version": "5.0.0",
      "resolved": "https://registry.npmjs.org/buffer-layout/-/buffer-layout-5.0.0.tgz",
      "integrity": "sha512-..."
    }
  }
}
